
Microsoft Visual Studio Solution File, Format Version 12.00
Project("{FAE04EC0-301F-11D3-BF4B-00C04F79EFBC}") = "DataStructure.BasicTests", "DataStructure\DataStructure.BasicTests\DataStructure.BasicTests.csproj", "{8207E19C-39BC-4596-983A-E7BC336A7507}"
EndProject
Project("{FAE04EC0-301F-11D3-BF4B-00C04F79EFBC}") = "DataStructure.KTrie", "DataStructure\DataStructure.KTrie\DataStructure.KTrie.csproj", "{79C5B2DE-1B44-43B8-9C1E-EBFF14329775}"
EndProject
Project("{FAE04EC0-301F-11D3-BF4B-00C04F79EFBC}") = "DataStructure.KTrie.Tests", "DataStructure\DataStructure.KTrie.Tests\DataStructure.KTrie.Tests.csproj", "{7761B7AC-16B4-4182-965B-1192984E9833}"
EndProject
Project("{FAE04EC0-301F-11D3-BF4B-00C04F79EFBC}") = "DataStructure.KTrie.TestBenchmark", "DataStructure\DataStructure.KTrie.TestBenchmark\DataStructure.KTrie.TestBenchmark.csproj", "{D0AB0406-4065-4124-9685-D72857C8D974}"
EndProject
Project("{FAE04EC0-301F-11D3-BF4B-00C04F79EFBC}") = "DesignPatterns", "DesignPatterns\DesignPatterns.csproj", "{37140350-9BDE-4130-A7F1-ABFA2843BAC5}"
EndProject
Project("{FAE04EC0-301F-11D3-BF4B-00C04F79EFBC}") = "NunitPlayground", "NunitPlayground\NunitPlayground.csproj", "{688E6AC1-7883-45A6-B714-22C8ABB7A552}"
EndProject
Project("{FAE04EC0-301F-11D3-BF4B-00C04F79EFBC}") = "KoanHelpers", "KoanHelpers\KoanHelpers.csproj", "{12F93338-A508-4314-B150-710B53333F89}"
EndProject
Project("{FAE04EC0-301F-11D3-BF4B-00C04F79EFBC}") = "foundation", "foundation\foundation.csproj", "{C0F61270-CE9E-494E-824C-4C255925D4FF}"
EndProject
Project("{FAE04EC0-301F-11D3-BF4B-00C04F79EFBC}") = "FastCodeZoo", "FastCodeZoo\FastCodeZoo.csproj", "{D08CA2F4-B46B-4268-9226-3C11E07FBB2E}"
EndProject
Global
	GlobalSection(SolutionConfigurationPlatforms) = preSolution
		Debug|Any CPU = Debug|Any CPU
		Release|Any CPU = Release|Any CPU
	EndGlobalSection
	GlobalSection(ProjectConfigurationPlatforms) = postSolution
		{8207E19C-39BC-4596-983A-E7BC336A7507}.Debug|Any CPU.ActiveCfg = Debug|Any CPU
		{8207E19C-39BC-4596-983A-E7BC336A7507}.Debug|Any CPU.Build.0 = Debug|Any CPU
		{8207E19C-39BC-4596-983A-E7BC336A7507}.Release|Any CPU.ActiveCfg = Release|Any CPU
		{8207E19C-39BC-4596-983A-E7BC336A7507}.Release|Any CPU.Build.0 = Release|Any CPU
		{79C5B2DE-1B44-43B8-9C1E-EBFF14329775}.Debug|Any CPU.ActiveCfg = Debug|Any CPU
		{79C5B2DE-1B44-43B8-9C1E-EBFF14329775}.Debug|Any CPU.Build.0 = Debug|Any CPU
		{79C5B2DE-1B44-43B8-9C1E-EBFF14329775}.Release|Any CPU.ActiveCfg = Release|Any CPU
		{79C5B2DE-1B44-43B8-9C1E-EBFF14329775}.Release|Any CPU.Build.0 = Release|Any CPU
		{7761B7AC-16B4-4182-965B-1192984E9833}.Debug|Any CPU.ActiveCfg = Debug|Any CPU
		{7761B7AC-16B4-4182-965B-1192984E9833}.Debug|Any CPU.Build.0 = Debug|Any CPU
		{7761B7AC-16B4-4182-965B-1192984E9833}.Release|Any CPU.ActiveCfg = Release|Any CPU
		{7761B7AC-16B4-4182-965B-1192984E9833}.Release|Any CPU.Build.0 = Release|Any CPU
		{D0AB0406-4065-4124-9685-D72857C8D974}.Debug|Any CPU.ActiveCfg = Debug|Any CPU
		{D0AB0406-4065-4124-9685-D72857C8D974}.Debug|Any CPU.Build.0 = Debug|Any CPU
		{D0AB0406-4065-4124-9685-D72857C8D974}.Release|Any CPU.ActiveCfg = Release|Any CPU
		{D0AB0406-4065-4124-9685-D72857C8D974}.Release|Any CPU.Build.0 = Release|Any CPU
		{37140350-9BDE-4130-A7F1-ABFA2843BAC5}.Debug|Any CPU.ActiveCfg = Debug|Any CPU
		{37140350-9BDE-4130-A7F1-ABFA2843BAC5}.Debug|Any CPU.Build.0 = Debug|Any CPU
		{37140350-9BDE-4130-A7F1-ABFA2843BAC5}.Release|Any CPU.ActiveCfg = Release|Any CPU
		{37140350-9BDE-4130-A7F1-ABFA2843BAC5}.Release|Any CPU.Build.0 = Release|Any CPU
		{688E6AC1-7883-45A6-B714-22C8ABB7A552}.Debug|Any CPU.ActiveCfg = Debug|Any CPU
		{688E6AC1-7883-45A6-B714-22C8ABB7A552}.Debug|Any CPU.Build.0 = Debug|Any CPU
		{688E6AC1-7883-45A6-B714-22C8ABB7A552}.Release|Any CPU.ActiveCfg = Release|Any CPU
		{688E6AC1-7883-45A6-B714-22C8ABB7A552}.Release|Any CPU.Build.0 = Release|Any CPU
		{12F93338-A508-4314-B150-710B53333F89}.Debug|Any CPU.ActiveCfg = Debug|Any CPU
		{12F93338-A508-4314-B150-710B53333F89}.Debug|Any CPU.Build.0 = Debug|Any CPU
		{12F93338-A508-4314-B150-710B53333F89}.Release|Any CPU.ActiveCfg = Release|Any CPU
		{12F93338-A508-4314-B150-710B53333F89}.Release|Any CPU.Build.0 = Release|Any CPU
		{C0F61270-CE9E-494E-824C-4C255925D4FF}.Debug|Any CPU.ActiveCfg = Debug|Any CPU
		{C0F61270-CE9E-494E-824C-4C255925D4FF}.Debug|Any CPU.Build.0 = Debug|Any CPU
		{C0F61270-CE9E-494E-824C-4C255925D4FF}.Release|Any CPU.ActiveCfg = Release|Any CPU
		{C0F61270-CE9E-494E-824C-4C255925D4FF}.Release|Any CPU.Build.0 = Release|Any CPU
		{D08CA2F4-B46B-4268-9226-3C11E07FBB2E}.Debug|Any CPU.ActiveCfg = Debug|Any CPU
		{D08CA2F4-B46B-4268-9226-3C11E07FBB2E}.Debug|Any CPU.Build.0 = Debug|Any CPU
		{D08CA2F4-B46B-4268-9226-3C11E07FBB2E}.Release|Any CPU.ActiveCfg = Release|Any CPU
		{D08CA2F4-B46B-4268-9226-3C11E07FBB2E}.Release|Any CPU.Build.0 = Release|Any CPU
	EndGlobalSection
EndGlobal
